// !$*UTF8*$!
{
	archiveVersion = 1;
	classes = {
	};
	objectVersion = 56;
	objects = {

/* Begin PBXBuildFile section */
		1AD297DF2C1F22180043F6C3 /* MyNews_App_App.swift in Sources */ = {isa = PBXBuildFile; fileRef = 1AD297DE2C1F22180043F6C3 /* MyNews_App_App.swift */; };
		1AD297E12C1F22180043F6C3 /* ContentView.swift in Sources */ = {isa = PBXBuildFile; fileRef = 1AD297E02C1F22180043F6C3 /* ContentView.swift */; };
		1AD297E32C1F22190043F6C3 /* Assets.xcassets in Resources */ = {isa = PBXBuildFile; fileRef = 1AD297E22C1F22190043F6C3 /* Assets.xcassets */; };
		1AD297E62C1F22190043F6C3 /* Preview Assets.xcassets in Resources */ = {isa = PBXBuildFile; fileRef = 1AD297E52C1F22190043F6C3 /* Preview Assets.xcassets */; };
		1AD297ED2C1F22C70043F6C3 /* NewsViewModel.swift in Sources */ = {isa = PBXBuildFile; fileRef = 1AD297EC2C1F22C70043F6C3 /* NewsViewModel.swift */; };
		1AD297EF2C1F22D20043F6C3 /* Models.swift in Sources */ = {isa = PBXBuildFile; fileRef = 1AD297EE2C1F22D20043F6C3 /* Models.swift */; };
		1AD297F12C1F22DB0043F6C3 /* DetailsViewController.swift in Sources */ = {isa = PBXBuildFile; fileRef = 1AD297F02C1F22DB0043F6C3 /* DetailsViewController.swift */; };
		1AD297F32C1F22E60043F6C3 /* Extensions.swift in Sources */ = {isa = PBXBuildFile; fileRef = 1AD297F22C1F22E60043F6C3 /* Extensions.swift */; };
		1AD297F52C1F22EF0043F6C3 /* RemoteImage.swift in Sources */ = {isa = PBXBuildFile; fileRef = 1AD297F42C1F22EF0043F6C3 /* RemoteImage.swift */; };
		1AD297F72C1F232B0043F6C3 /* DetailsView.swift in Sources */ = {isa = PBXBuildFile; fileRef = 1AD297F62C1F232B0043F6C3 /* DetailsView.swift */; };
		1AD297F92C1F23A70043F6C3 /* DetailsViewControllerWrapper.swift in Sources */ = {isa = PBXBuildFile; fileRef = 1AD297F82C1F23A70043F6C3 /* DetailsViewControllerWrapper.swift */; };
/* End PBXBuildFile section */

/* Begin PBXFileReference section */
		1AD297DB2C1F22180043F6C3 /* MyNews_App+.app */ = {isa = PBXFileReference; explicitFileType = wrapper.application; includeInIndex = 0; path = "MyNews_App+.app"; sourceTree = BUILT_PRODUCTS_DIR; };
		1AD297DE2C1F22180043F6C3 /* MyNews_App_App.swift */ = {isa = PBXFileReference; lastKnownFileType = sourcecode.swift; path = MyNews_App_App.swift; sourceTree = "<group>"; };
		1AD297E02C1F22180043F6C3 /* ContentView.swift */ = {isa = PBXFileReference; lastKnownFileType = sourcecode.swift; path = ContentView.swift; sourceTree = "<group>"; };
		1AD297E22C1F22190043F6C3 /* Assets.xcassets */ = {isa = PBXFileReference; lastKnownFileType = folder.assetcatalog; path = Assets.xcassets; sourceTree = "<group>"; };
		1AD297E52C1F22190043F6C3 /* Preview Assets.xcassets */ = {isa = PBXFileReference; lastKnownFileType = folder.assetcatalog; path = "Preview Assets.xcassets"; sourceTree = "<group>"; };
		1AD297EC2C1F22C70043F6C3 /* NewsViewModel.swift */ = {isa = PBXFileReference; lastKnownFileType = sourcecode.swift; path = NewsViewModel.swift; sourceTree = "<group>"; };
		1AD297EE2C1F22D20043F6C3 /* Models.swift */ = {isa = PBXFileReference; lastKnownFileType = sourcecode.swift; path = Models.swift; sourceTree = "<group>"; };
		1AD297F02C1F22DB0043F6C3 /* DetailsViewController.swift */ = {isa = PBXFileReference; lastKnownFileType = sourcecode.swift; path = DetailsViewController.swift; sourceTree = "<group>"; };
		1AD297F22C1F22E60043F6C3 /* Extensions.swift */ = {isa = PBXFileReference; lastKnownFileType = sourcecode.swift; path = Extensions.swift; sourceTree = "<group>"; };
		1AD297F42C1F22EF0043F6C3 /* RemoteImage.swift */ = {isa = PBXFileReference; lastKnownFileType = sourcecode.swift; path = RemoteImage.swift; sourceTree = "<group>"; };
		1AD297F62C1F232B0043F6C3 /* DetailsView.swift */ = {isa = PBXFileReference; lastKnownFileType = sourcecode.swift; path = DetailsView.swift; sourceTree = "<group>"; };
		1AD297F82C1F23A70043F6C3 /* DetailsViewControllerWrapper.swift */ = {isa = PBXFileReference; lastKnownFileType = sourcecode.swift; path = DetailsViewControllerWrapper.swift; sourceTree = "<group>"; };
/* End PBXFileReference section */

/* Begin PBXFrameworksBuildPhase section */
		1AD297D82C1F22180043F6C3 /* Frameworks */ = {
			isa = PBXFrameworksBuildPhase;
			buildActionMask = 2147483647;
			files = (
			);
			runOnlyForDeploymentPostprocessing = 0;
		};
/* End PBXFrameworksBuildPhase section */

/* Begin PBXGroup section */
		1AD297D22C1F22180043F6C3 = {
			isa = PBXGroup;
			children = (
				1AD297F82C1F23A70043F6C3 /* DetailsViewControllerWrapper.swift */,
				1AD297F62C1F232B0043F6C3 /* DetailsView.swift */,
				1AD297DD2C1F22180043F6C3 /* MyNews_App+ */,
				1AD297DC2C1F22180043F6C3 /* Products */,
			);
			sourceTree = "<group>";
		};
		1AD297DC2C1F22180043F6C3 /* Products */ = {
			isa = PBXGroup;
			children = (
				1AD297DB2C1F22180043F6C3 /* MyNews_App+.app */,
			);
			name = Products;
			sourceTree = "<group>";
		};
		1AD297DD2C1F22180043F6C3 /* MyNews_App+ */ = {
			isa = PBXGroup;
			children = (
				1AD297DE2C1F22180043F6C3 /* MyNews_App_App.swift */,
				1AD297E02C1F22180043F6C3 /* ContentView.swift */,
				1AD297E22C1F22190043F6C3 /* Assets.xcassets */,
				1AD297E42C1F22190043F6C3 /* Preview Content */,
				1AD297EC2C1F22C70043F6C3 /* NewsViewModel.swift */,
				1AD297EE2C1F22D20043F6C3 /* Models.swift */,
				1AD297F02C1F22DB0043F6C3 /* DetailsViewController.swift */,
				1AD297F22C1F22E60043F6C3 /* Extensions.swift */,
				1AD297F42C1F22EF0043F6C3 /* RemoteImage.swift */,
			);
			path = "MyNews_App+";
			sourceTree = "<group>";
		};
		1AD297E42C1F22190043F6C3 /* Preview Content */ = {
			isa = PBXGroup;
			children = (
				1AD297E52C1F22190043F6C3 /* Preview Assets.xcassets */,
			);
			path = "Preview Content";
			sourceTree = "<group>";
		};
/* End PBXGroup section */

/* Begin PBXNativeTarget section */
		1AD297DA2C1F22180043F6C3 /* MyNews_App+ */ = {
			isa = PBXNativeTarget;
			buildConfigurationList = 1AD297E92C1F22190043F6C3 /* Build configuration list for PBXNativeTarget "MyNews_App+" */;
			buildPhases = (
				1AD297D72C1F22180043F6C3 /* Sources */,
				1AD297D82C1F22180043F6C3 /* Frameworks */,
				1AD297D92C1F22180043F6C3 /* Resources */,
			);
			buildRules = (
			);
			dependencies = (
			);
			name = "MyNews_App+";
			productName = "MyNews_App+";
			productReference = 1AD297DB2C1F22180043F6C3 /* MyNews_App+.app */;
			productType = "com.apple.product-type.application";
		};
/* End PBXNativeTarget section */

/* Begin PBXProject section */
		1AD297D32C1F22180043F6C3 /* Project object */ = {
			isa = PBXProject;
			attributes = {
				BuildIndependentTargetsInParallel = 1;
				LastSwiftUpdateCheck = 1540;
				LastUpgradeCheck = 1540;
				TargetAttributes = {
					1AD297DA2C1F22180043F6C3 = {
						CreatedOnToolsVersion = 15.4;
					};
				};
			};
			buildConfigurationList = 1AD297D62C1F22180043F6C3 /* Build configuration list for PBXProject "MyNews_App+" */;
			compatibilityVersion = "Xcode 14.0";
			developmentRegion = en;
			hasScannedForEncodings = 0;
			knownRegions = (
				en,
				Base,
			);
			mainGroup = 1AD297D22C1F22180043F6C3;
			productRefGroup = 1AD297DC2C1F22180043F6C3 /* Products */;
			projectDirPath = "";
			projectRoot = "";
			targets = (
				1AD297DA2C1F22180043F6C3 /* MyNews_App+ */,
			);
		};
/* End PBXProject section */

/* Begin PBXResourcesBuildPhase section */
		1AD297D92C1F22180043F6C3 /* Resources */ = {
			isa = PBXResourcesBuildPhase;
			buildActionMask = 2147483647;
			files = (
				1AD297E62C1F22190043F6C3 /* Preview Assets.xcassets in Resources */,
				1AD297E32C1F22190043F6C3 /* Assets.xcassets in Resources */,
			);
			runOnlyForDeploymentPostprocessing = 0;
		};
/* End PBXResourcesBuildPhase section */

/* Begin PBXSourcesBuildPhase section */
		1AD297D72C1F22180043F6C3 /* Sources */ = {
			isa = PBXSourcesBuildPhase;
			buildActionMask = 2147483647;
			files = (
				1AD297E12C1F22180043F6C3 /* ContentView.swift in Sources */,
				1AD297F92C1F23A70043F6C3 /* DetailsViewControllerWrapper.swift in Sources */,
				1AD297F32C1F22E60043F6C3 /* Extensions.swift in Sources */,
				1AD297F52C1F22EF0043F6C3 /* RemoteImage.swift in Sources */,
				1AD297ED2C1F22C70043F6C3 /* NewsViewModel.swift in Sources */,
				1AD297DF2C1F22180043F6C3 /* MyNews_App_App.swift in Sources */,
				1AD297F72C1F232B0043F6C3 /* DetailsView.swift in Sources */,
				1AD297EF2C1F22D20043F6C3 /* Models.swift in Sources */,
				1AD297F12C1F22DB0043F6C3 /* DetailsViewController.swift in Sources */,
			);
			runOnlyForDeploymentPostprocessing = 0;
		};
/* End PBXSourcesBuildPhase section */

/* Begin XCBuildConfiguration section */
		1AD297E72C1F22190043F6C3 /* Debug */ = {
			isa = XCBuildConfiguration;
			buildSettings = {
				ALWAYS_SEARCH_USER_PATHS = NO;
				ASSETCATALOG_COMPILER_GENERATE_SWIFT_ASSET_SYMBOL_EXTENSIONS = YES;
				CLANG_ANALYZER_NONNULL = YES;
				CLANG_ANALYZER_NUMBER_OBJECT_CONVERSION = YES_AGGRESSIVE;
				CLANG_CXX_LANGUAGE_STANDARD = "gnu++20";
				CLANG_ENABLE_MODULES = YES;
				CLANG_ENABLE_OBJC_ARC = YES;
				CLANG_ENABLE_OBJC_WEAK = YES;
				CLANG_WARN_BLOCK_CAPTURE_AUTORELEASING = YES;
				CLANG_WARN_BOOL_CONVERSION = YES;
				CLANG_WARN_COMMA = YES;
				CLANG_WARN_CONSTANT_CONVERSION = YES;
				CLANG_WARN_DEPRECATED_OBJC_IMPLEMENTATIONS = YES;
				CLANG_WARN_DIRECT_OBJC_ISA_USAGE = YES_ERROR;
				CLANG_WARN_DOCUMENTATION_COMMENTS = YES;
				CLANG_WARN_EMPTY_BODY = YES;
				CLANG_WARN_ENUM_CONVERSION = YES;
				CLANG_WARN_INFINITE_RECURSION = YES;
				CLANG_WARN_INT_CONVERSION = YES;
				CLANG_WARN_NON_LITERAL_NULL_CONVERSION = YES;
				CLANG_WARN_OBJC_IMPLICIT_RETAIN_SELF = YES;
				CLANG_WARN_OBJC_LITERAL_CONVERSION = YES;
				CLANG_WARN_OBJC_ROOT_CLASS = YES_ERROR;
				CLANG_WARN_QUOTED_INCLUDE_IN_FRAMEWORK_HEADER = YES;
				CLANG_WARN_RANGE_LOOP_ANALYSIS = YES;
				CLANG_WARN_STRICT_PROTOTYPES = YES;
				CLANG_WARN_SUSPICIOUS_MOVE = YES;
				CLANG_WARN_UNGUARDED_AVAILABILITY = YES_AGGRESSIVE;
				CLANG_WARN_UNREACHABLE_CODE = YES;
				CLANG_WARN__DUPLICATE_METHOD_MATCH = YES;
				COPY_PHASE_STRIP = NO;
				DEBUG_INFORMATION_FORMAT = dwarf;
				ENABLE_STRICT_OBJC_MSGSEND = YES;
				ENABLE_TESTABILITY = YES;
				ENABLE_USER_SCRIPT_SANDBOXING = YES;
				GCC_C_LANGUAGE_STANDARD = gnu17;
				GCC_DYNAMIC_NO_PIC = NO;
				GCC_NO_COMMON_BLOCKS = YES;
				GCC_OPTIMIZATION_LEVEL = 0;
				GCC_PREPROCESSOR_DEFINITIONS = (
					"DEBUG=1",
					"$(inherited)",
				);
				GCC_WARN_64_TO_32_BIT_CONVERSION = YES;
				GCC_WARN_ABOUT_RETURN_TYPE = YES_ERROR;
				GCC_WARN_UNDECLARED_SELECTOR = YES;
				GCC_WARN_UNINITIALIZED_AUTOS = YES_AGGRESSIVE;
				GCC_WARN_UNUSED_FUNCTION = YES;
				GCC_WARN_UNUSED_VARIABLE = YES;
				IPHONEOS_DEPLOYMENT_TARGET = 17.5;
				LOCALIZATION_PREFERS_STRING_CATALOGS = YES;
				MTL_ENABLE_DEBUG_INFO = INCLUDE_SOURCE;
				MTL_FAST_MATH = YES;
				ONLY_ACTIVE_ARCH = YES;
				SDKROOT = iphoneos;
				SWIFT_ACTIVE_COMPILATION_CONDITIONS = "DEBUG $(inherited)";
				SWIFT_OPTIMIZATION_LEVEL = "-Onone";
			};
			name = Debug;
		};
		1AD297E82C1F22190043F6C3 /* Release */ = {
			isa = XCBuildConfiguration;
			buildSettings = {
				ALWAYS_SEARCH_USER_PATHS = NO;
				ASSETCATALOG_COMPILER_GENERATE_SWIFT_ASSET_SYMBOL_EXTENSIONS = YES;
				CLANG_ANALYZER_NONNULL = YES;
				CLANG_ANALYZER_NUMBER_OBJECT_CONVERSION = YES_AGGRESSIVE;
				CLANG_CXX_LANGUAGE_STANDARD = "gnu++20";
				CLANG_ENABLE_MODULES = YES;
				CLANG_ENABLE_OBJC_ARC = YES;
				CLANG_ENABLE_OBJC_WEAK = YES;
				CLANG_WARN_BLOCK_CAPTURE_AUTORELEASING = YES;
				CLANG_WARN_BOOL_CONVERSION = YES;
				CLANG_WARN_COMMA = YES;
				CLANG_WARN_CONSTANT_CONVERSION = YES;
				CLANG_WARN_DEPRECATED_OBJC_IMPLEMENTATIONS = YES;
				CLANG_WARN_DIRECT_OBJC_ISA_USAGE = YES_ERROR;
				CLANG_WARN_DOCUMENTATION_COMMENTS = YES;
				CLANG_WARN_EMPTY_BODY = YES;
				CLANG_WARN_ENUM_CONVERSION = YES;
				CLANG_WARN_INFINITE_RECURSION = YES;
				CLANG_WARN_INT_CONVERSION = YES;
				CLANG_WARN_NON_LITERAL_NULL_CONVERSION = YES;
				CLANG_WARN_OBJC_IMPLICIT_RETAIN_SELF = YES;
				CLANG_WARN_OBJC_LITERAL_CONVERSION = YES;
				CLANG_WARN_OBJC_ROOT_CLASS = YES_ERROR;
				CLANG_WARN_QUOTED_INCLUDE_IN_FRAMEWORK_HEADER = YES;
				CLANG_WARN_RANGE_LOOP_ANALYSIS = YES;
				CLANG_WARN_STRICT_PROTOTYPES = YES;
				CLANG_WARN_SUSPICIOUS_MOVE = YES;
				CLANG_WARN_UNGUARDED_AVAILABILITY = YES_AGGRESSIVE;
				CLANG_WARN_UNREACHABLE_CODE = YES;
				CLANG_WARN__DUPLICATE_METHOD_MATCH = YES;
				COPY_PHASE_STRIP = NO;
				DEBUG_INFORMATION_FORMAT = "dwarf-with-dsym";
				ENABLE_NS_ASSERTIONS = NO;
				ENABLE_STRICT_OBJC_MSGSEND = YES;
				ENABLE_USER_SCRIPT_SANDBOXING = YES;
				GCC_C_LANGUAGE_STANDARD = gnu17;
				GCC_NO_COMMON_BLOCKS = YES;
				GCC_WARN_64_TO_32_BIT_CONVERSION = YES;
				GCC_WARN_ABOUT_RETURN_TYPE = YES_ERROR;
				GCC_WARN_UNDECLARED_SELECTOR = YES;
				GCC_WARN_UNINITIALIZED_AUTOS = YES_AGGRESSIVE;
				GCC_WARN_UNUSED_FUNCTION = YES;
				GCC_WARN_UNUSED_VARIABLE = YES;
				IPHONEOS_DEPLOYMENT_TARGET = 17.5;
				LOCALIZATION_PREFERS_STRING_CATALOGS = YES;
				MTL_ENABLE_DEBUG_INFO = NO;
				MTL_FAST_MATH = YES;
				SDKROOT = iphoneos;
				SWIFT_COMPILATION_MODE = wholemodule;
				VALIDATE_PRODUCT = YES;
			};
			name = Release;
		};
		1AD297EA2C1F22190043F6C3 /* Debug */ = {
			isa = XCBuildConfiguration;
			buildSettings = {
				ASSETCATALOG_COMPILER_APPICON_NAME = AppIcon;
				ASSETCATALOG_COMPILER_GLOBAL_ACCENT_COLOR_NAME = AccentColor;
				CODE_SIGN_STYLE = Automatic;
				CURRENT_PROJECT_VERSION = 1;
				DEVELOPMENT_ASSET_PATHS = "\"MyNews_App+/Preview Content\"";
				DEVELOPMENT_TEAM = Q2N9JMQ98Q;
				ENABLE_PREVIEWS = YES;
				GENERATE_INFOPLIST_FILE = YES;
				INFOPLIST_KEY_UIApplicationSceneManifest_Generation = YES;
				INFOPLIST_KEY_UIApplicationSupportsIndirectInputEvents = YES;
				INFOPLIST_KEY_UILaunchScreen_Generation = YES;
				INFOPLIST_KEY_UISupportedInterfaceOrientations_iPad = "UIInterfaceOrientationPortrait UIInterfaceOrientationPortraitUpsideDown UIInterfaceOrientationLandscapeLeft UIInterfaceOrientationLandscapeRight";
				INFOPLIST_KEY_UISupportedInterfaceOrientations_iPhone = "UIInterfaceOrientationPortrait UIInterfaceOrientationLandscapeLeft UIInterfaceOrientationLandscapeRight";
				LD_RUNPATH_SEARCH_PATHS = (
					"$(inherited)",
					"@executable_path/Frameworks",
				);
				MARKETING_VERSION = 1.0;
				PRODUCT_BUNDLE_IDENTIFIER = "-.MyNews-App-";
				PRODUCT_NAME = "$(TARGET_NAME)";
				SWIFT_EMIT_LOC_STRINGS = YES;
				SWIFT_VERSION = 5.0;
				TARGETED_DEVICE_FAMILY = "1,2";
			};
			name = Debug;
		};
		1AD297EB2C1F22190043F6C3 /* Release */ = {
			isa = XCBuildConfiguration;
			buildSettings = {
				ASSETCATALOG_COMPILER_APPICON_NAME = AppIcon;
				ASSETCATALOG_COMPILER_GLOBAL_ACCENT_COLOR_NAME = AccentColor;
				CODE_SIGN_STYLE = Automatic;
				CURRENT_PROJECT_VERSION = 1;
				DEVELOPMENT_ASSET_PATHS = "\"MyNews_App+/Preview Content\"";
				DEVELOPMENT_TEAM = Q2N9JMQ98Q;
				ENABLE_PREVIEWS = YES;
				GENERATE_INFOPLIST_FILE = YES;
				INFOPLIST_KEY_UIApplicationSceneManifest_Generation = YES;
				INFOPLIST_KEY_UIApplicationSupportsIndirectInputEvents = YES;
				INFOPLIST_KEY_UILaunchScreen_Generation = YES;
				INFOPLIST_KEY_UISupportedInterfaceOrientations_iPad = "UIInterfaceOrientationPortrait UIInterfaceOrientationPortraitUpsideDown UIInterfaceOrientationLandscapeLeft UIInterfaceOrientationLandscapeRight";
				INFOPLIST_KEY_UISupportedInterfaceOrientations_iPhone = "UIInterfaceOrientationPortrait UIInterfaceOrientationLandscapeLeft UIInterfaceOrientationLandscapeRight";
				LD_RUNPATH_SEARCH_PATHS = (
					"$(inherited)",
					"@executable_path/Frameworks",
				);
				MARKETING_VERSION = 1.0;
				PRODUCT_BUNDLE_IDENTIFIER = "-.MyNews-App-";
				PRODUCT_NAME = "$(TARGET_NAME)";
				SWIFT_EMIT_LOC_STRINGS = YES;
				SWIFT_VERSION = 5.0;
				TARGETED_DEVICE_FAMILY = "1,2";
			};
			name = Release;
		};
/* End XCBuildConfiguration section */

/* Begin XCConfigurationList section */
		1AD297D62C1F22180043F6C3 /* Build configuration list for PBXProject "MyNews_App+" */ = {
			isa = XCConfigurationList;
			buildConfigurations = (
				1AD297E72C1F22190043F6C3 /* Debug */,
				1AD297E82C1F22190043F6C3 /* Release */,
			);
			defaultConfigurationIsVisible = 0;
			defaultConfigurationName = Release;
		};
		1AD297E92C1F22190043F6C3 /* Build configuration list for PBXNativeTarget "MyNews_App+" */ = {
			isa = XCConfigurationList;
			buildConfigurations = (
				1AD297EA2C1F22190043F6C3 /* Debug */,
				1AD297EB2C1F22190043F6C3 /* Release */,
			);
			defaultConfigurationIsVisible = 0;
			defaultConfigurationName = Release;
		};
/* End XCConfigurationList section */
	};
	rootObject = 1AD297D32C1F22180043F6C3 /* Project object */;
}
